
Microsoft Visual Studio Solution File, Format Version 12.00
# Visual Studio Version 17
VisualStudioVersion = 17.3.32922.545
MinimumVisualStudioVersion = 10.0.40219.1
Project("{FAE04EC0-301F-11D3-BF4B-00C04F79EFBC}") = "MyGame", "TLM2_interpreter\MyGame.csproj", "{F31ADD07-C46D-4231-8942-EDBA96D08B16}"
EndProject
Global
	GlobalSection(SolutionConfigurationPlatforms) = preSolution
		Debug|Any CPU = Debug|Any CPU
		Release|Any CPU = Release|Any CPU
	EndGlobalSection
	GlobalSection(ProjectConfigurationPlatforms) = postSolution
		{F31ADD07-C46D-4231-8942-EDBA96D08B16}.Debug|Any CPU.ActiveCfg = Debug|Any CPU
		{F31ADD07-C46D-4231-8942-EDBA96D08B16}.Debug|Any CPU.Build.0 = Debug|Any CPU
		{F31ADD07-C46D-4231-8942-EDBA96D08B16}.Release|Any CPU.ActiveCfg = Release|Any CPU
		{F31ADD07-C46D-4231-8942-EDBA96D08B16}.Release|Any CPU.Build.0 = Release|Any CPU
	EndGlobalSection
	GlobalSection(SolutionProperties) = preSolution
		HideSolutionNode = FALSE
	EndGlobalSection
	GlobalSection(ExtensibilityGlobals) = postSolution
		SolutionGuid = {10634E20-7731-4F8B-B7EF-56E42A7EF76D}
	EndGlobalSection
EndGlobal
